
Microsoft Visual Studio Solution File, Format Version 12.00
# Visual Studio Version 17
VisualStudioVersion = 17.12.35527.113
MinimumVisualStudioVersion = 10.0.40219.1
Project("{FAE04EC0-301F-11D3-BF4B-00C04F79EFBC}") = "DistributedJobProcessing", "DistributedJobProcessing\DistributedJobProcessing.csproj", "{3443A48B-1550-4602-8CEA-CF1BE9F1AF4C}"
EndProject
Project("{FAE04EC0-301F-11D3-BF4B-00C04F79EFBC}") = "Domain", "Domain\Domain.csproj", "{F2457002-51C3-412C-B5DB-33B2494561E7}"
EndProject
Project("{FAE04EC0-301F-11D3-BF4B-00C04F79EFBC}") = "Application", "Application\Application.csproj", "{FF44FB07-288B-4B97-911D-00B54EDDB53E}"
EndProject
Project("{FAE04EC0-301F-11D3-BF4B-00C04F79EFBC}") = "Infrastructure", "Infrastructure\Infrastructure.csproj", "{AED33E8D-4BC5-41BE-9517-5D7CEC382F5C}"
EndProject
Project("{FAE04EC0-301F-11D3-BF4B-00C04F79EFBC}") = "Worker", "Worker\Worker.csproj", "{556D7329-48DF-40F3-A7BD-E914996CF9D2}"
EndProject
Global
	GlobalSection(SolutionConfigurationPlatforms) = preSolution
		Debug|Any CPU = Debug|Any CPU
		Release|Any CPU = Release|Any CPU
	EndGlobalSection
	GlobalSection(ProjectConfigurationPlatforms) = postSolution
		{3443A48B-1550-4602-8CEA-CF1BE9F1AF4C}.Debug|Any CPU.ActiveCfg = Debug|Any CPU
		{3443A48B-1550-4602-8CEA-CF1BE9F1AF4C}.Debug|Any CPU.Build.0 = Debug|Any CPU
		{3443A48B-1550-4602-8CEA-CF1BE9F1AF4C}.Release|Any CPU.ActiveCfg = Release|Any CPU
		{3443A48B-1550-4602-8CEA-CF1BE9F1AF4C}.Release|Any CPU.Build.0 = Release|Any CPU
		{F2457002-51C3-412C-B5DB-33B2494561E7}.Debug|Any CPU.ActiveCfg = Debug|Any CPU
		{F2457002-51C3-412C-B5DB-33B2494561E7}.Debug|Any CPU.Build.0 = Debug|Any CPU
		{F2457002-51C3-412C-B5DB-33B2494561E7}.Release|Any CPU.ActiveCfg = Release|Any CPU
		{F2457002-51C3-412C-B5DB-33B2494561E7}.Release|Any CPU.Build.0 = Release|Any CPU
		{FF44FB07-288B-4B97-911D-00B54EDDB53E}.Debug|Any CPU.ActiveCfg = Debug|Any CPU
		{FF44FB07-288B-4B97-911D-00B54EDDB53E}.Debug|Any CPU.Build.0 = Debug|Any CPU
		{FF44FB07-288B-4B97-911D-00B54EDDB53E}.Release|Any CPU.ActiveCfg = Release|Any CPU
		{FF44FB07-288B-4B97-911D-00B54EDDB53E}.Release|Any CPU.Build.0 = Release|Any CPU
		{AED33E8D-4BC5-41BE-9517-5D7CEC382F5C}.Debug|Any CPU.ActiveCfg = Debug|Any CPU
		{AED33E8D-4BC5-41BE-9517-5D7CEC382F5C}.Debug|Any CPU.Build.0 = Debug|Any CPU
		{AED33E8D-4BC5-41BE-9517-5D7CEC382F5C}.Release|Any CPU.ActiveCfg = Release|Any CPU
		{AED33E8D-4BC5-41BE-9517-5D7CEC382F5C}.Release|Any CPU.Build.0 = Release|Any CPU
		{556D7329-48DF-40F3-A7BD-E914996CF9D2}.Debug|Any CPU.ActiveCfg = Debug|Any CPU
		{556D7329-48DF-40F3-A7BD-E914996CF9D2}.Debug|Any CPU.Build.0 = Debug|Any CPU
		{556D7329-48DF-40F3-A7BD-E914996CF9D2}.Release|Any CPU.ActiveCfg = Release|Any CPU
		{556D7329-48DF-40F3-A7BD-E914996CF9D2}.Release|Any CPU.Build.0 = Release|Any CPU
	EndGlobalSection
	GlobalSection(SolutionProperties) = preSolution
		HideSolutionNode = FALSE
	EndGlobalSection
EndGlobal
